<?xml version="1.0" encoding="utf-8"?>
<Project ToolsVersion="4.0" xmlns="http://schemas.microsoft.com/developer/msbuild/2003">
  <ItemGroup>
    <Filter Include="Source Files">
      <UniqueIdentifier>{4FC737F1-C7A5-4376-A066-2A32D752A2FF}</UniqueIdentifier>
      <Extensions>cpp;c;cc;cxx;def;odl;idl;hpj;bat;asm;asmx</Extensions>
    </Filter>
    <Filter Include="Header Files">
      <UniqueIdentifier>{93995380-89BD-4b04-88EB-625FBE52EBFB}</UniqueIdentifier>
      <Extensions>h;hh;hpp;hxx;hm;inl;inc;xsd</Extensions>
    </Filter>
    <Filter Include="Resource Files">
      <UniqueIdentifier>{67DA6AB6-F800-4c08-8B7A-83BB121AAD01}</UniqueIdentifier>
      <Extensions>rc;ico;cur;bmp;dlg;rc2;rct;bin;rgs;gif;jpg;jpeg;jpe;resx;tiff;tif;png;wav;mfcribbon-ms</Extensions>
    </Filter>
  </ItemGroup>
  <ItemGroup>
    <Text Include="ReadMe.txt" />
  </ItemGroup>
  <ItemGroup>
    <ClInclude Include="targetver.h">
      <Filter>Header Files</Filter>
    </ClInclude>
    <ClInclude Include="Resource.h">
      <Filter>Header Files</Filter>
    </ClInclude>
    <ClInclude Include="WaterSim.h">
      <Filter>Header Files</Filter>
    </ClInclude>
    <ClInclude Include="Tungsten\GUI\Cursor.h">
      <Filter>Header Files</Filter>
    </ClInclude>
    <ClInclude Include="Tungsten\GUI\Event.h">
      <Filter>Header Files</Filter>
    </ClInclude>
    <ClInclude Include="Tungsten\GUI\GUIFrame.h">
      <Filter>Header Files</Filter>
    </ClInclude>
    <ClInclude Include="Tungsten\GUI\IGUIElement.h">
      <Filter>Header Files</Filter>
    </ClInclude>
    <ClInclude Include="Tungsten\GUI\Label.h">
      <Filter>Header Files</Filter>
    </ClInclude>
    <ClInclude Include="Tungsten\GUI\SimpleButton.h">
      <Filter>Header Files</Filter>
    </ClInclude>
    <ClInclude Include="Tungsten\GUI\StaticImage.h">
      <Filter>Header Files</Filter>
    </ClInclude>
    <ClInclude Include="Tungsten\Services\DirectXTK\dds.h">
      <Filter>Header Files</Filter>
    </ClInclude>
    <ClInclude Include="Tungsten\Services\DirectXTK\DDSTextureLoader.h">
      <Filter>Header Files</Filter>
    </ClInclude>
    <ClInclude Include="Tungsten\Services\DirectXTK\PlatformHelpers.h">
      <Filter>Header Files</Filter>
    </ClInclude>
    <ClInclude Include="Tungsten\Services\DirectXTK\WICTextureLoader.h">
      <Filter>Header Files</Filter>
    </ClInclude>
    <ClInclude Include="Tungsten\Services\AssetLoader.h">
      <Filter>Header Files</Filter>
    </ClInclude>
    <ClInclude Include="Tungsten\Services\D3DRenderer.h">
      <Filter>Header Files</Filter>
    </ClInclude>
    <ClInclude Include="Tungsten\Services\IConfigurationService.h">
      <Filter>Header Files</Filter>
    </ClInclude>
    <ClInclude Include="Tungsten\Services\IGraphicsService.h">
      <Filter>Header Files</Filter>
    </ClInclude>
    <ClInclude Include="Tungsten\Services\IImporterService.h">
      <Filter>Header Files</Filter>
    </ClInclude>
    <ClInclude Include="Tungsten\Services\InputService.h">
      <Filter>Header Files</Filter>
    </ClInclude>
    <ClInclude Include="Tungsten\Services\ISpriteTextService.h">
      <Filter>Header Files</Filter>
    </ClInclude>
    <ClInclude Include="Tungsten\Services\SpriteFont.h">
      <Filter>Header Files</Filter>
    </ClInclude>
    <ClInclude Include="Tungsten\Services\Texture.h">
      <Filter>Header Files</Filter>
    </ClInclude>
    <ClInclude Include="Tungsten\States\D3D11CommonState.h">
      <Filter>Header Files</Filter>
    </ClInclude>
    <ClInclude Include="Tungsten\States\D3D11HeightMapState.h">
      <Filter>Header Files</Filter>
    </ClInclude>
    <ClInclude Include="Tungsten\States\D3D11SpriteRenderState.h">
      <Filter>Header Files</Filter>
    </ClInclude>
    <ClInclude Include="Tungsten\States\D3D11TextRenderState.h">
      <Filter>Header Files</Filter>
    </ClInclude>
    <ClInclude Include="Tungsten\States\Sprite.h">
      <Filter>Header Files</Filter>
    </ClInclude>
    <ClInclude Include="Tungsten\States\SpriteBatch.h">
      <Filter>Header Files</Filter>
    </ClInclude>
    <ClInclude Include="Tungsten\States\SpriteString.h">
      <Filter>Header Files</Filter>
    </ClInclude>
    <ClInclude Include="Tungsten\Camera.h">
      <Filter>Header Files</Filter>
    </ClInclude>
    <ClInclude Include="Tungsten\DataContainers.h">
      <Filter>Header Files</Filter>
    </ClInclude>
    <ClInclude Include="Tungsten\DebugWriter.h">
      <Filter>Header Files</Filter>
    </ClInclude>
    <ClInclude Include="Tungsten\Handle.h">
      <Filter>Header Files</Filter>
    </ClInclude>
    <ClInclude Include="Tungsten\MemoryCache.h">
      <Filter>Header Files</Filter>
    </ClInclude>
    <ClInclude Include="Tungsten\PlatformTools.h">
      <Filter>Header Files</Filter>
    </ClInclude>
    <ClInclude Include="Tungsten\ServiceLocator.h">
      <Filter>Header Files</Filter>
    </ClInclude>
    <ClInclude Include="Tungsten\Timer.h">
      <Filter>Header Files</Filter>
    </ClInclude>
    <ClInclude Include="Tungsten\Vector.h">
      <Filter>Header Files</Filter>
    </ClInclude>
    <ClInclude Include="pch.h">
      <Filter>Header Files</Filter>
    </ClInclude>
    <ClInclude Include="Tungsten\Services\ConfigManager.h">
      <Filter>Header Files</Filter>
    </ClInclude>
    <ClInclude Include="Tungsten\GameState.h">
      <Filter>Header Files</Filter>
    </ClInclude>
    <ClInclude Include="Tungsten\Game.h">
      <Filter>Header Files</Filter>
    </ClInclude>
    <ClInclude Include="Tungsten\IGame.h">
      <Filter>Header Files</Filter>
    </ClInclude>
    <ClInclude Include="WaterPhysics.h">
      <Filter>Header Files</Filter>
    </ClInclude>
    <ClInclude Include="MainState.h">
      <Filter>Header Files</Filter>
    </ClInclude>
    <ClInclude Include="Tungsten\States\HeightMapGrid.h">
      <Filter>Header Files</Filter>
    </ClInclude>
  </ItemGroup>
  <ItemGroup>
    <ClCompile Include="main.cpp">
      <Filter>Source Files</Filter>
    </ClCompile>
    <ClCompile Include="Tungsten\GUI\Cursor.cpp">
      <Filter>Source Files</Filter>
    </ClCompile>
    <ClCompile Include="Tungsten\GUI\Event.cpp">
      <Filter>Source Files</Filter>
    </ClCompile>
    <ClCompile Include="Tungsten\GUI\GUIFrame.cpp">
      <Filter>Source Files</Filter>
    </ClCompile>
    <ClCompile Include="Tungsten\GUI\IGUIElement.cpp">
      <Filter>Source Files</Filter>
    </ClCompile>
    <ClCompile Include="Tungsten\GUI\Label.cpp">
      <Filter>Source Files</Filter>
    </ClCompile>
    <ClCompile Include="Tungsten\GUI\SimpleButton.cpp">
      <Filter>Source Files</Filter>
    </ClCompile>
    <ClCompile Include="Tungsten\GUI\StaticImage.cpp">
      <Filter>Source Files</Filter>
    </ClCompile>
    <ClCompile Include="Tungsten\Services\DirectXTK\DDSTextureLoader.cpp">
      <Filter>Source Files</Filter>
    </ClCompile>
    <ClCompile Include="Tungsten\Services\DirectXTK\WICTextureLoader.cpp">
      <Filter>Source Files</Filter>
    </ClCompile>
    <ClCompile Include="Tungsten\Services\AssetLoader.cpp">
      <Filter>Source Files</Filter>
    </ClCompile>
    <ClCompile Include="Tungsten\Services\D3DRenderer.cpp">
      <Filter>Source Files</Filter>
    </ClCompile>
    <ClCompile Include="Tungsten\Services\InputService.cpp">
      <Filter>Source Files</Filter>
    </ClCompile>
    <ClCompile Include="Tungsten\Services\SpriteFont.cpp">
      <Filter>Source Files</Filter>
    </ClCompile>
    <ClCompile Include="Tungsten\Services\SpriteTextService.cpp">
      <Filter>Source Files</Filter>
    </ClCompile>
    <ClCompile Include="Tungsten\Services\Texture.cpp">
      <Filter>Source Files</Filter>
    </ClCompile>
    <ClCompile Include="Tungsten\States\D3D11CommonState.cpp">
      <Filter>Source Files</Filter>
    </ClCompile>
    <ClCompile Include="Tungsten\States\D3D11HeightMapState.cpp">
      <Filter>Source Files</Filter>
    </ClCompile>
    <ClCompile Include="Tungsten\States\D3D11SpriteRenderState.cpp">
      <Filter>Source Files</Filter>
    </ClCompile>
    <ClCompile Include="Tungsten\States\D3D11TextRenderState.cpp">
      <Filter>Source Files</Filter>
    </ClCompile>
    <ClCompile Include="Tungsten\States\Sprite.cpp">
      <Filter>Source Files</Filter>
    </ClCompile>
    <ClCompile Include="Tungsten\States\SpriteBatch.cpp">
      <Filter>Source Files</Filter>
    </ClCompile>
    <ClCompile Include="Tungsten\States\SpriteString.cpp">
      <Filter>Source Files</Filter>
    </ClCompile>
    <ClCompile Include="Tungsten\Camera.cpp">
      <Filter>Source Files</Filter>
    </ClCompile>
    <ClCompile Include="Tungsten\DataContainers.cpp">
      <Filter>Source Files</Filter>
    </ClCompile>
    <ClCompile Include="Tungsten\DebugWriter.cpp">
      <Filter>Source Files</Filter>
    </ClCompile>
    <ClCompile Include="Tungsten\PlatformTools.cpp">
      <Filter>Source Files</Filter>
    </ClCompile>
    <ClCompile Include="Tungsten\ServiceLocator.cpp">
      <Filter>Source Files</Filter>
    </ClCompile>
    <ClCompile Include="Tungsten\Timer.cpp">
      <Filter>Source Files</Filter>
    </ClCompile>
    <ClCompile Include="pch.cpp">
      <Filter>Source Files</Filter>
    </ClCompile>
    <ClCompile Include="Tungsten\Services\ConfigManager.cpp">
      <Filter>Source Files</Filter>
    </ClCompile>
    <ClCompile Include="Tungsten\Game.cpp">
      <Filter>Source Files</Filter>
    </ClCompile>
    <ClCompile Include="Tungsten\GameState.cpp">
      <Filter>Source Files</Filter>
    </ClCompile>
    <ClCompile Include="WaterPhysics.cpp">
      <Filter>Source Files</Filter>
    </ClCompile>
    <ClCompile Include="MainState.cpp">
      <Filter>Source Files</Filter>
    </ClCompile>
    <ClCompile Include="Tungsten\States\HeightMapGrid.cpp">
      <Filter>Source Files</Filter>
    </ClCompile>
  </ItemGroup>
  <ItemGroup>
    <ResourceCompile Include="WaterSim.rc">
      <Filter>Resource Files</Filter>
    </ResourceCompile>
  </ItemGroup>
  <ItemGroup>
    <Image Include="small.ico">
      <Filter>Resource Files</Filter>
    </Image>
    <Image Include="WaterSim.ico">
      <Filter>Resource Files</Filter>
    </Image>
    <Image Include="Assets\null.png">
      <Filter>Resource Files</Filter>
    </Image>
    <Image Include="Assets\Fonts\Arial.png">
      <Filter>Resource Files</Filter>
    </Image>
    <Image Include="Assets\water.jpg">
      <Filter>Resource Files</Filter>
    </Image>
  </ItemGroup>
  <ItemGroup>
    <None Include="config.cfg" />
    <None Include="Assets\Fonts\Arial.bfd" />
  </ItemGroup>
  <ItemGroup>
    <FxCompile Include="Assets\Shaders\PSHeightMap.hlsl" />
    <FxCompile Include="Assets\Shaders\PSInstancedGrass.hlsl" />
    <FxCompile Include="Assets\Shaders\PSSimpleModel.hlsl" />
    <FxCompile Include="Assets\Shaders\PSSkyBox.hlsl" />
    <FxCompile Include="Assets\Shaders\PSSpriteFont.hlsl" />
    <FxCompile Include="Assets\Shaders\PSSpriteHeightMap.hlsl" />
    <FxCompile Include="Assets\Shaders\PSSpriteRender.hlsl" />
    <FxCompile Include="Assets\Shaders\VSHeightMap.hlsl" />
    <FxCompile Include="Assets\Shaders\VSInstancedGrass.hlsl" />
    <FxCompile Include="Assets\Shaders\VSSimpleModel.hlsl" />
    <FxCompile Include="Assets\Shaders\VSSkyBox.hlsl" />
    <FxCompile Include="Assets\Shaders\VSSpriteHeightMap.hlsl" />
    <FxCompile Include="Assets\Shaders\VSSpriteRender.hlsl" />
    <FxCompile Include="Assets\Shaders\PSWater.hlsl" />
    <FxCompile Include="Assets\Shaders\VSWater.hlsl" />
  </ItemGroup>
</Project>